
Microsoft Visual Studio Solution File, Format Version 12.00
# Visual Studio 2017
Project("{FAE04EC0-301F-11D3-BF4B-00C04F79EFBC}") = "TP2", "TP2.csproj", "{90374574-22FE-F444-6D95-9F2BEFE02CBE}"
EndProject
Project("{FAE04EC0-301F-11D3-BF4B-00C04F79EFBC}") = "TP2.Editor", "TP2.Editor.csproj", "{D91A0F4F-3A3E-18B0-7AD0-9C08976455F5}"
EndProject
Global
	GlobalSection(SolutionConfigurationPlatforms) = preSolution
		Debug|Any CPU = Debug|Any CPU
		Release|Any CPU = Release|Any CPU
	EndGlobalSection
	GlobalSection(ProjectConfigurationPlatforms) = postSolution
		{90374574-22FE-F444-6D95-9F2BEFE02CBE}.Debug|Any CPU.ActiveCfg = Debug|Any CPU
		{90374574-22FE-F444-6D95-9F2BEFE02CBE}.Debug|Any CPU.Build.0 = Debug|Any CPU
		{90374574-22FE-F444-6D95-9F2BEFE02CBE}.Release|Any CPU.ActiveCfg = Release|Any CPU
		{90374574-22FE-F444-6D95-9F2BEFE02CBE}.Release|Any CPU.Build.0 = Release|Any CPU
		{D91A0F4F-3A3E-18B0-7AD0-9C08976455F5}.Debug|Any CPU.ActiveCfg = Debug|Any CPU
		{D91A0F4F-3A3E-18B0-7AD0-9C08976455F5}.Debug|Any CPU.Build.0 = Debug|Any CPU
		{D91A0F4F-3A3E-18B0-7AD0-9C08976455F5}.Release|Any CPU.ActiveCfg = Release|Any CPU
		{D91A0F4F-3A3E-18B0-7AD0-9C08976455F5}.Release|Any CPU.Build.0 = Release|Any CPU
	EndGlobalSection
	GlobalSection(SolutionProperties) = preSolution
		HideSolutionNode = FALSE
	EndGlobalSection
EndGlobal
